{
  "name": "garden",
  "version": "1.0.0",
  "lockfileVersion": 3,
  "requires": true,
  "packages": {
    "": {
      "name": "garden",
      "version": "1.0.0",
      "license": "ISC",
      "dependencies": {
        "three": "^0.182.0"
      }
    },
    "node_modules/three": {
      "version": "0.182.0",
      "resolved": "https://registry.npmjs.org/three/-/three-0.182.0.tgz",
      "integrity": "sha512-GbHabT+Irv+ihI1/f5kIIsZ+Ef9Sl5A1Y7imvS5RQjWgtTPfPnZ43JmlYI7NtCRDK9zir20lQpfg8/9Yd02OvQ==",
      "license": "MIT"
    }
  }
}
